// !$*UTF8*$!
{
	archiveVersion = 1;
	classes = {
	};
	objectVersion = 50;
	objects = {

/* Begin PBXBuildFile section */
		371ED8E125866E5200D9CF96 /* BoiteAMeuhApp.swift in Sources */ = {isa = PBXBuildFile; fileRef = 371ED8E025866E5200D9CF96 /* BoiteAMeuhApp.swift */; };
		371ED8E325866E5200D9CF96 /* ContentView.swift in Sources */ = {isa = PBXBuildFile; fileRef = 371ED8E225866E5200D9CF96 /* ContentView.swift */; };
		371ED8E525866E5300D9CF96 /* Assets.xcassets in Resources */ = {isa = PBXBuildFile; fileRef = 371ED8E425866E5300D9CF96 /* Assets.xcassets */; };
		371ED8E825866E5300D9CF96 /* Preview Assets.xcassets in Resources */ = {isa = PBXBuildFile; fileRef = 371ED8E725866E5300D9CF96 /* Preview Assets.xcassets */; };
		37618C5B258BA18F00AD2C0D /* JouerSon.swift in Sources */ = {isa = PBXBuildFile; fileRef = 37618C5A258BA18F00AD2C0D /* JouerSon.swift */; };
		376B28282586A5E500F55E2A /* cow.mp3 in Resources */ = {isa = PBXBuildFile; fileRef = 376B28272586A5E500F55E2A /* cow.mp3 */; };
		379A0470259354AE00F19007 /* ControleurSafari.swift in Sources */ = {isa = PBXBuildFile; fileRef = 379A046F259354AE00F19007 /* ControleurSafari.swift */; };
		37F66FA42586711500FA89FF /* ContenuFenetre.swift in Sources */ = {isa = PBXBuildFile; fileRef = 37F66FA32586711500FA89FF /* ContenuFenetre.swift */; };
		37F66FA72586725A00FA89FF /* FenetreMenu.swift in Sources */ = {isa = PBXBuildFile; fileRef = 37F66FA62586725A00FA89FF /* FenetreMenu.swift */; };
		37F66FAB2586731700FA89FF /* BoutonFermeture.swift in Sources */ = {isa = PBXBuildFile; fileRef = 37F66FAA2586731700FA89FF /* BoutonFermeture.swift */; };
		37F66FAE258678B800FA89FF /* BoiteMeuh.swift in Sources */ = {isa = PBXBuildFile; fileRef = 37F66FAD258678B800FA89FF /* BoiteMeuh.swift */; };
		37F66FB625867B1500FA89FF /* Ressources.swift in Sources */ = {isa = PBXBuildFile; fileRef = 37F66FB525867B1500FA89FF /* Ressources.swift */; };
/* End PBXBuildFile section */

/* Begin PBXFileReference section */
		371ED8DD25866E5200D9CF96 /* BoiteAMeuh.app */ = {isa = PBXFileReference; explicitFileType = wrapper.application; includeInIndex = 0; path = BoiteAMeuh.app; sourceTree = BUILT_PRODUCTS_DIR; };
		371ED8E025866E5200D9CF96 /* BoiteAMeuhApp.swift */ = {isa = PBXFileReference; lastKnownFileType = sourcecode.swift; path = BoiteAMeuhApp.swift; sourceTree = "<group>"; };
		371ED8E225866E5200D9CF96 /* ContentView.swift */ = {isa = PBXFileReference; lastKnownFileType = sourcecode.swift; path = ContentView.swift; sourceTree = "<group>"; };
		371ED8E425866E5300D9CF96 /* Assets.xcassets */ = {isa = PBXFileReference; lastKnownFileType = folder.assetcatalog; path = Assets.xcassets; sourceTree = "<group>"; };
		371ED8E725866E5300D9CF96 /* Preview Assets.xcassets */ = {isa = PBXFileReference; lastKnownFileType = folder.assetcatalog; path = "Preview Assets.xcassets"; sourceTree = "<group>"; };
		371ED8E925866E5300D9CF96 /* Info.plist */ = {isa = PBXFileReference; lastKnownFileType = text.plist.xml; path = Info.plist; sourceTree = "<group>"; };
		37618C5A258BA18F00AD2C0D /* JouerSon.swift */ = {isa = PBXFileReference; lastKnownFileType = sourcecode.swift; path = JouerSon.swift; sourceTree = "<group>"; };
		376B28272586A5E500F55E2A /* cow.mp3 */ = {isa = PBXFileReference; lastKnownFileType = audio.mp3; path = cow.mp3; sourceTree = "<group>"; };
		379A046F259354AE00F19007 /* ControleurSafari.swift */ = {isa = PBXFileReference; fileEncoding = 4; lastKnownFileType = sourcecode.swift; path = ControleurSafari.swift; sourceTree = "<group>"; };
		37F66FA32586711500FA89FF /* ContenuFenetre.swift */ = {isa = PBXFileReference; lastKnownFileType = sourcecode.swift; path = ContenuFenetre.swift; sourceTree = "<group>"; };
		37F66FA62586725A00FA89FF /* FenetreMenu.swift */ = {isa = PBXFileReference; lastKnownFileType = sourcecode.swift; path = FenetreMenu.swift; sourceTree = "<group>"; };
		37F66FAA2586731700FA89FF /* BoutonFermeture.swift */ = {isa = PBXFileReference; lastKnownFileType = sourcecode.swift; path = BoutonFermeture.swift; sourceTree = "<group>"; };
		37F66FAD258678B800FA89FF /* BoiteMeuh.swift */ = {isa = PBXFileReference; lastKnownFileType = sourcecode.swift; path = BoiteMeuh.swift; sourceTree = "<group>"; };
		37F66FB525867B1500FA89FF /* Ressources.swift */ = {isa = PBXFileReference; lastKnownFileType = sourcecode.swift; path = Ressources.swift; sourceTree = "<group>"; };
/* End PBXFileReference section */

/* Begin PBXFrameworksBuildPhase section */
		371ED8DA25866E5200D9CF96 /* Frameworks */ = {
			isa = PBXFrameworksBuildPhase;
			buildActionMask = 2147483647;
			files = (
			);
			runOnlyForDeploymentPostprocessing = 0;
		};
/* End PBXFrameworksBuildPhase section */

/* Begin PBXGroup section */
		371ED8D425866E5200D9CF96 = {
			isa = PBXGroup;
			children = (
				371ED8DF25866E5200D9CF96 /* BoiteAMeuh */,
				371ED8DE25866E5200D9CF96 /* Products */,
			);
			sourceTree = "<group>";
		};
		371ED8DE25866E5200D9CF96 /* Products */ = {
			isa = PBXGroup;
			children = (
				371ED8DD25866E5200D9CF96 /* BoiteAMeuh.app */,
			);
			name = Products;
			sourceTree = "<group>";
		};
		371ED8DF25866E5200D9CF96 /* BoiteAMeuh */ = {
			isa = PBXGroup;
			children = (
				379A046E2593549100F19007 /* Modele */,
				376B28262586A5CE00F55E2A /* Son */,
				37F66FB0258679D400FA89FF /* Constante */,
				37F66FA12586706000FA89FF /* Vues */,
				371ED8E225866E5200D9CF96 /* ContentView.swift */,
				371ED8E425866E5300D9CF96 /* Assets.xcassets */,
				371ED8E925866E5300D9CF96 /* Info.plist */,
				371ED8E625866E5300D9CF96 /* Preview Content */,
			);
			path = BoiteAMeuh;
			sourceTree = "<group>";
		};
		371ED8E625866E5300D9CF96 /* Preview Content */ = {
			isa = PBXGroup;
			children = (
				371ED8E725866E5300D9CF96 /* Preview Assets.xcassets */,
			);
			path = "Preview Content";
			sourceTree = "<group>";
		};
		376B28262586A5CE00F55E2A /* Son */ = {
			isa = PBXGroup;
			children = (
				376B28272586A5E500F55E2A /* cow.mp3 */,
				37618C5A258BA18F00AD2C0D /* JouerSon.swift */,
			);
			path = Son;
			sourceTree = "<group>";
		};
		379A046E2593549100F19007 /* Modele */ = {
			isa = PBXGroup;
			children = (
				379A046F259354AE00F19007 /* ControleurSafari.swift */,
			);
			path = Modele;
			sourceTree = "<group>";
		};
		37F66FA12586706000FA89FF /* Vues */ = {
			isa = PBXGroup;
			children = (
				371ED8E025866E5200D9CF96 /* BoiteAMeuhApp.swift */,
				37F66FA32586711500FA89FF /* ContenuFenetre.swift */,
				37F66FA62586725A00FA89FF /* FenetreMenu.swift */,
				37F66FAA2586731700FA89FF /* BoutonFermeture.swift */,
				37F66FAD258678B800FA89FF /* BoiteMeuh.swift */,
			);
			path = Vues;
			sourceTree = "<group>";
		};
		37F66FB0258679D400FA89FF /* Constante */ = {
			isa = PBXGroup;
			children = (
				37F66FB525867B1500FA89FF /* Ressources.swift */,
			);
			path = Constante;
			sourceTree = "<group>";
		};
/* End PBXGroup section */

/* Begin PBXNativeTarget section */
		371ED8DC25866E5200D9CF96 /* BoiteAMeuh */ = {
			isa = PBXNativeTarget;
			buildConfigurationList = 371ED8EC25866E5300D9CF96 /* Build configuration list for PBXNativeTarget "BoiteAMeuh" */;
			buildPhases = (
				371ED8D925866E5200D9CF96 /* Sources */,
				371ED8DA25866E5200D9CF96 /* Frameworks */,
				371ED8DB25866E5200D9CF96 /* Resources */,
			);
			buildRules = (
			);
			dependencies = (
			);
			name = BoiteAMeuh;
			productName = BoiteAMeuh;
			productReference = 371ED8DD25866E5200D9CF96 /* BoiteAMeuh.app */;
			productType = "com.apple.product-type.application";
		};
/* End PBXNativeTarget section */

/* Begin PBXProject section */
		371ED8D525866E5200D9CF96 /* Project object */ = {
			isa = PBXProject;
			attributes = {
				LastSwiftUpdateCheck = 1230;
				LastUpgradeCheck = 1230;
				TargetAttributes = {
					371ED8DC25866E5200D9CF96 = {
						CreatedOnToolsVersion = 12.3;
					};
				};
			};
			buildConfigurationList = 371ED8D825866E5200D9CF96 /* Build configuration list for PBXProject "BoiteAMeuh" */;
			compatibilityVersion = "Xcode 9.3";
			developmentRegion = en;
			hasScannedForEncodings = 0;
			knownRegions = (
				en,
				Base,
			);
			mainGroup = 371ED8D425866E5200D9CF96;
			productRefGroup = 371ED8DE25866E5200D9CF96 /* Products */;
			projectDirPath = "";
			projectRoot = "";
			targets = (
				371ED8DC25866E5200D9CF96 /* BoiteAMeuh */,
			);
		};
/* End PBXProject section */

/* Begin PBXResourcesBuildPhase section */
		371ED8DB25866E5200D9CF96 /* Resources */ = {
			isa = PBXResourcesBuildPhase;
			buildActionMask = 2147483647;
			files = (
				376B28282586A5E500F55E2A /* cow.mp3 in Resources */,
				371ED8E825866E5300D9CF96 /* Preview Assets.xcassets in Resources */,
				371ED8E525866E5300D9CF96 /* Assets.xcassets in Resources */,
			);
			runOnlyForDeploymentPostprocessing = 0;
		};
/* End PBXResourcesBuildPhase section */

/* Begin PBXSourcesBuildPhase section */
		371ED8D925866E5200D9CF96 /* Sources */ = {
			isa = PBXSourcesBuildPhase;
			buildActionMask = 2147483647;
			files = (
				379A0470259354AE00F19007 /* ControleurSafari.swift in Sources */,
				371ED8E325866E5200D9CF96 /* ContentView.swift in Sources */,
				37F66FB625867B1500FA89FF /* Ressources.swift in Sources */,
				37F66FAB2586731700FA89FF /* BoutonFermeture.swift in Sources */,
				37F66FAE258678B800FA89FF /* BoiteMeuh.swift in Sources */,
				37F66FA42586711500FA89FF /* ContenuFenetre.swift in Sources */,
				37F66FA72586725A00FA89FF /* FenetreMenu.swift in Sources */,
				37618C5B258BA18F00AD2C0D /* JouerSon.swift in Sources */,
				371ED8E125866E5200D9CF96 /* BoiteAMeuhApp.swift in Sources */,
			);
			runOnlyForDeploymentPostprocessing = 0;
		};
/* End PBXSourcesBuildPhase section */

/* Begin XCBuildConfiguration section */
		371ED8EA25866E5300D9CF96 /* Debug */ = {
			isa = XCBuildConfiguration;
			buildSettings = {
				ALWAYS_SEARCH_USER_PATHS = NO;
				CLANG_ANALYZER_NONNULL = YES;
				CLANG_ANALYZER_NUMBER_OBJECT_CONVERSION = YES_AGGRESSIVE;
				CLANG_CXX_LANGUAGE_STANDARD = "gnu++14";
				CLANG_CXX_LIBRARY = "libc++";
				CLANG_ENABLE_MODULES = YES;
				CLANG_ENABLE_OBJC_ARC = YES;
				CLANG_ENABLE_OBJC_WEAK = YES;
				CLANG_WARN_BLOCK_CAPTURE_AUTORELEASING = YES;
				CLANG_WARN_BOOL_CONVERSION = YES;
				CLANG_WARN_COMMA = YES;
				CLANG_WARN_CONSTANT_CONVERSION = YES;
				CLANG_WARN_DEPRECATED_OBJC_IMPLEMENTATIONS = YES;
				CLANG_WARN_DIRECT_OBJC_ISA_USAGE = YES_ERROR;
				CLANG_WARN_DOCUMENTATION_COMMENTS = YES;
				CLANG_WARN_EMPTY_BODY = YES;
				CLANG_WARN_ENUM_CONVERSION = YES;
				CLANG_WARN_INFINITE_RECURSION = YES;
				CLANG_WARN_INT_CONVERSION = YES;
				CLANG_WARN_NON_LITERAL_NULL_CONVERSION = YES;
				CLANG_WARN_OBJC_IMPLICIT_RETAIN_SELF = YES;
				CLANG_WARN_OBJC_LITERAL_CONVERSION = YES;
				CLANG_WARN_OBJC_ROOT_CLASS = YES_ERROR;
				CLANG_WARN_QUOTED_INCLUDE_IN_FRAMEWORK_HEADER = YES;
				CLANG_WARN_RANGE_LOOP_ANALYSIS = YES;
				CLANG_WARN_STRICT_PROTOTYPES = YES;
				CLANG_WARN_SUSPICIOUS_MOVE = YES;
				CLANG_WARN_UNGUARDED_AVAILABILITY = YES_AGGRESSIVE;
				CLANG_WARN_UNREACHABLE_CODE = YES;
				CLANG_WARN__DUPLICATE_METHOD_MATCH = YES;
				COPY_PHASE_STRIP = NO;
				DEBUG_INFORMATION_FORMAT = dwarf;
				ENABLE_STRICT_OBJC_MSGSEND = YES;
				ENABLE_TESTABILITY = YES;
				GCC_C_LANGUAGE_STANDARD = gnu11;
				GCC_DYNAMIC_NO_PIC = NO;
				GCC_NO_COMMON_BLOCKS = YES;
				GCC_OPTIMIZATION_LEVEL = 0;
				GCC_PREPROCESSOR_DEFINITIONS = (
					"DEBUG=1",
					"$(inherited)",
				);
				GCC_WARN_64_TO_32_BIT_CONVERSION = YES;
				GCC_WARN_ABOUT_RETURN_TYPE = YES_ERROR;
				GCC_WARN_UNDECLARED_SELECTOR = YES;
				GCC_WARN_UNINITIALIZED_AUTOS = YES_AGGRESSIVE;
				GCC_WARN_UNUSED_FUNCTION = YES;
				GCC_WARN_UNUSED_VARIABLE = YES;
				IPHONEOS_DEPLOYMENT_TARGET = 14.3;
				MTL_ENABLE_DEBUG_INFO = INCLUDE_SOURCE;
				MTL_FAST_MATH = YES;
				ONLY_ACTIVE_ARCH = YES;
				SDKROOT = iphoneos;
				SWIFT_ACTIVE_COMPILATION_CONDITIONS = DEBUG;
				SWIFT_OPTIMIZATION_LEVEL = "-Onone";
			};
			name = Debug;
		};
		371ED8EB25866E5300D9CF96 /* Release */ = {
			isa = XCBuildConfiguration;
			buildSettings = {
				ALWAYS_SEARCH_USER_PATHS = NO;
				CLANG_ANALYZER_NONNULL = YES;
				CLANG_ANALYZER_NUMBER_OBJECT_CONVERSION = YES_AGGRESSIVE;
				CLANG_CXX_LANGUAGE_STANDARD = "gnu++14";
				CLANG_CXX_LIBRARY = "libc++";
				CLANG_ENABLE_MODULES = YES;
				CLANG_ENABLE_OBJC_ARC = YES;
				CLANG_ENABLE_OBJC_WEAK = YES;
				CLANG_WARN_BLOCK_CAPTURE_AUTORELEASING = YES;
				CLANG_WARN_BOOL_CONVERSION = YES;
				CLANG_WARN_COMMA = YES;
				CLANG_WARN_CONSTANT_CONVERSION = YES;
				CLANG_WARN_DEPRECATED_OBJC_IMPLEMENTATIONS = YES;
				CLANG_WARN_DIRECT_OBJC_ISA_USAGE = YES_ERROR;
				CLANG_WARN_DOCUMENTATION_COMMENTS = YES;
				CLANG_WARN_EMPTY_BODY = YES;
				CLANG_WARN_ENUM_CONVERSION = YES;
				CLANG_WARN_INFINITE_RECURSION = YES;
				CLANG_WARN_INT_CONVERSION = YES;
				CLANG_WARN_NON_LITERAL_NULL_CONVERSION = YES;
				CLANG_WARN_OBJC_IMPLICIT_RETAIN_SELF = YES;
				CLANG_WARN_OBJC_LITERAL_CONVERSION = YES;
				CLANG_WARN_OBJC_ROOT_CLASS = YES_ERROR;
				CLANG_WARN_QUOTED_INCLUDE_IN_FRAMEWORK_HEADER = YES;
				CLANG_WARN_RANGE_LOOP_ANALYSIS = YES;
				CLANG_WARN_STRICT_PROTOTYPES = YES;
				CLANG_WARN_SUSPICIOUS_MOVE = YES;
				CLANG_WARN_UNGUARDED_AVAILABILITY = YES_AGGRESSIVE;
				CLANG_WARN_UNREACHABLE_CODE = YES;
				CLANG_WARN__DUPLICATE_METHOD_MATCH = YES;
				COPY_PHASE_STRIP = NO;
				DEBUG_INFORMATION_FORMAT = "dwarf-with-dsym";
				ENABLE_NS_ASSERTIONS = NO;
				ENABLE_STRICT_OBJC_MSGSEND = YES;
				GCC_C_LANGUAGE_STANDARD = gnu11;
				GCC_NO_COMMON_BLOCKS = YES;
				GCC_WARN_64_TO_32_BIT_CONVERSION = YES;
				GCC_WARN_ABOUT_RETURN_TYPE = YES_ERROR;
				GCC_WARN_UNDECLARED_SELECTOR = YES;
				GCC_WARN_UNINITIALIZED_AUTOS = YES_AGGRESSIVE;
				GCC_WARN_UNUSED_FUNCTION = YES;
				GCC_WARN_UNUSED_VARIABLE = YES;
				IPHONEOS_DEPLOYMENT_TARGET = 14.3;
				MTL_ENABLE_DEBUG_INFO = NO;
				MTL_FAST_MATH = YES;
				SDKROOT = iphoneos;
				SWIFT_COMPILATION_MODE = wholemodule;
				SWIFT_OPTIMIZATION_LEVEL = "-O";
				VALIDATE_PRODUCT = YES;
			};
			name = Release;
		};
		371ED8ED25866E5300D9CF96 /* Debug */ = {
			isa = XCBuildConfiguration;
			buildSettings = {
				ASSETCATALOG_COMPILER_APPICON_NAME = AppIcon;
				ASSETCATALOG_COMPILER_GLOBAL_ACCENT_COLOR_NAME = AccentColor;
				CODE_SIGN_STYLE = Automatic;
				DEVELOPMENT_ASSET_PATHS = "\"BoiteAMeuh/Preview Content\"";
				DEVELOPMENT_TEAM = UGQ4YS2NK3;
				ENABLE_PREVIEWS = YES;
				INFOPLIST_FILE = BoiteAMeuh/Info.plist;
				IPHONEOS_DEPLOYMENT_TARGET = 14.0;
				LD_RUNPATH_SEARCH_PATHS = (
					"$(inherited)",
					"@executable_path/Frameworks",
				);
				PRODUCT_BUNDLE_IDENTIFIER = com.titastus.BoiteAMeuh;
				PRODUCT_NAME = "$(TARGET_NAME)";
				SWIFT_VERSION = 5.0;
				TARGETED_DEVICE_FAMILY = "1,2";
			};
			name = Debug;
		};
		371ED8EE25866E5300D9CF96 /* Release */ = {
			isa = XCBuildConfiguration;
			buildSettings = {
				ASSETCATALOG_COMPILER_APPICON_NAME = AppIcon;
				ASSETCATALOG_COMPILER_GLOBAL_ACCENT_COLOR_NAME = AccentColor;
				CODE_SIGN_STYLE = Automatic;
				DEVELOPMENT_ASSET_PATHS = "\"BoiteAMeuh/Preview Content\"";
				DEVELOPMENT_TEAM = UGQ4YS2NK3;
				ENABLE_PREVIEWS = YES;
				INFOPLIST_FILE = BoiteAMeuh/Info.plist;
				IPHONEOS_DEPLOYMENT_TARGET = 14.0;
				LD_RUNPATH_SEARCH_PATHS = (
					"$(inherited)",
					"@executable_path/Frameworks",
				);
				PRODUCT_BUNDLE_IDENTIFIER = com.titastus.BoiteAMeuh;
				PRODUCT_NAME = "$(TARGET_NAME)";
				SWIFT_VERSION = 5.0;
				TARGETED_DEVICE_FAMILY = "1,2";
			};
			name = Release;
		};
/* End XCBuildConfiguration section */

/* Begin XCConfigurationList section */
		371ED8D825866E5200D9CF96 /* Build configuration list for PBXProject "BoiteAMeuh" */ = {
			isa = XCConfigurationList;
			buildConfigurations = (
				371ED8EA25866E5300D9CF96 /* Debug */,
				371ED8EB25866E5300D9CF96 /* Release */,
			);
			defaultConfigurationIsVisible = 0;
			defaultConfigurationName = Release;
		};
		371ED8EC25866E5300D9CF96 /* Build configuration list for PBXNativeTarget "BoiteAMeuh" */ = {
			isa = XCConfigurationList;
			buildConfigurations = (
				371ED8ED25866E5300D9CF96 /* Debug */,
				371ED8EE25866E5300D9CF96 /* Release */,
			);
			defaultConfigurationIsVisible = 0;
			defaultConfigurationName = Release;
		};
/* End XCConfigurationList section */
	};
	rootObject = 371ED8D525866E5200D9CF96 /* Project object */;
}
